
Microsoft Visual Studio Solution File, Format Version 12.00
# Visual Studio Version 17
VisualStudioVersion = 17.8.34511.84
MinimumVisualStudioVersion = 10.0.40219.1
Project("{8BC9CEB8-8B4A-11D0-8D11-00A0C91BC942}") = "CIS17B-S25-33477-Assignment3", "CIS17B-S25-33477-Assignment3\CIS17B-S25-33477-Assignment3.vcxproj", "{B6202FB9-C285-4CC5-92B6-53334F78C367}"
EndProject
Global
	GlobalSection(SolutionConfigurationPlatforms) = preSolution
		Debug|x64 = Debug|x64
		Debug|x86 = Debug|x86
		Release|x64 = Release|x64
		Release|x86 = Release|x86
	EndGlobalSection
	GlobalSection(ProjectConfigurationPlatforms) = postSolution
		{B6202FB9-C285-4CC5-92B6-53334F78C367}.Debug|x64.ActiveCfg = Debug|x64
		{B6202FB9-C285-4CC5-92B6-53334F78C367}.Debug|x64.Build.0 = Debug|x64
		{B6202FB9-C285-4CC5-92B6-53334F78C367}.Debug|x86.ActiveCfg = Debug|Win32
		{B6202FB9-C285-4CC5-92B6-53334F78C367}.Debug|x86.Build.0 = Debug|Win32
		{B6202FB9-C285-4CC5-92B6-53334F78C367}.Release|x64.ActiveCfg = Release|x64
		{B6202FB9-C285-4CC5-92B6-53334F78C367}.Release|x64.Build.0 = Release|x64
		{B6202FB9-C285-4CC5-92B6-53334F78C367}.Release|x86.ActiveCfg = Release|Win32
		{B6202FB9-C285-4CC5-92B6-53334F78C367}.Release|x86.Build.0 = Release|Win32
	EndGlobalSection
	GlobalSection(SolutionProperties) = preSolution
		HideSolutionNode = FALSE
	EndGlobalSection
	GlobalSection(ExtensibilityGlobals) = postSolution
		SolutionGuid = {1E9393F0-6E1E-41C0-8DEE-F1A3D53551A8}
	EndGlobalSection
EndGlobal
